// !$*UTF8*$!
{
	archiveVersion = 1;
	classes = {
	};
	objectVersion = 55;
	objects = {

/* Begin PBXBuildFile section */
		655D82B72877516900CBF1E2 /* HomeViewModel.swift in Sources */ = {isa = PBXBuildFile; fileRef = 655D82B62877516900CBF1E2 /* HomeViewModel.swift */; };
		65A4E52728760F36001C4B9A /* AppDelegate.swift in Sources */ = {isa = PBXBuildFile; fileRef = 65A4E52628760F36001C4B9A /* AppDelegate.swift */; };
		65A4E52928760F36001C4B9A /* SceneDelegate.swift in Sources */ = {isa = PBXBuildFile; fileRef = 65A4E52828760F36001C4B9A /* SceneDelegate.swift */; };
		65A4E52B28760F36001C4B9A /* HomeVC.swift in Sources */ = {isa = PBXBuildFile; fileRef = 65A4E52A28760F36001C4B9A /* HomeVC.swift */; };
		65A4E52E28760F36001C4B9A /* Main.storyboard in Resources */ = {isa = PBXBuildFile; fileRef = 65A4E52C28760F36001C4B9A /* Main.storyboard */; };
		65A4E53028760F3B001C4B9A /* Assets.xcassets in Resources */ = {isa = PBXBuildFile; fileRef = 65A4E52F28760F3B001C4B9A /* Assets.xcassets */; };
		65A4E53328760F3B001C4B9A /* LaunchScreen.storyboard in Resources */ = {isa = PBXBuildFile; fileRef = 65A4E53128760F3B001C4B9A /* LaunchScreen.storyboard */; };
		65A4E53E28760F3C001C4B9A /* MarvelComicsTests.swift in Sources */ = {isa = PBXBuildFile; fileRef = 65A4E53D28760F3C001C4B9A /* MarvelComicsTests.swift */; };
		65A4E54828760F3C001C4B9A /* MarvelComicsUITests.swift in Sources */ = {isa = PBXBuildFile; fileRef = 65A4E54728760F3C001C4B9A /* MarvelComicsUITests.swift */; };
		65A4E54A28760F3C001C4B9A /* MarvelComicsUITestsLaunchTests.swift in Sources */ = {isa = PBXBuildFile; fileRef = 65A4E54928760F3C001C4B9A /* MarvelComicsUITestsLaunchTests.swift */; };
		65A4E55D287610F6001C4B9A /* ApiStrings.swift in Sources */ = {isa = PBXBuildFile; fileRef = 65A4E55C287610F6001C4B9A /* ApiStrings.swift */; };
		65A4E55F28763658001C4B9A /* NetworkManager.swift in Sources */ = {isa = PBXBuildFile; fileRef = 65A4E55E28763658001C4B9A /* NetworkManager.swift */; };
		65A4E56228763739001C4B9A /* Comic_Data.swift in Sources */ = {isa = PBXBuildFile; fileRef = 65A4E56128763739001C4B9A /* Comic_Data.swift */; };
		65B7E0D92879EF6D0078977D /* ComicDetailsVCViewController.swift in Sources */ = {isa = PBXBuildFile; fileRef = 65B7E0D82879EF6D0078977D /* ComicDetailsVCViewController.swift */; };
		65B7E0DF287B26310078977D /* ComicUIImageView.swift in Sources */ = {isa = PBXBuildFile; fileRef = 65B7E0DE287B26310078977D /* ComicUIImageView.swift */; };
		65FCF9D628778D1300AB36E7 /* Extension+UIView.swift in Sources */ = {isa = PBXBuildFile; fileRef = 65FCF9D528778D1300AB36E7 /* Extension+UIView.swift */; };
		65FCF9D82878BDC800AB36E7 /* Extension+UIViewController.swift in Sources */ = {isa = PBXBuildFile; fileRef = 65FCF9D72878BDC800AB36E7 /* Extension+UIViewController.swift */; };
		65FCF9DB2878D1A900AB36E7 /* ApiKeyHelper.swift in Sources */ = {isa = PBXBuildFile; fileRef = 65FCF9DA2878D1A900AB36E7 /* ApiKeyHelper.swift */; };
		65FCF9E02878D7EA00AB36E7 /* marvel_api_keys.json in Resources */ = {isa = PBXBuildFile; fileRef = 65FCF9DF2878D7EA00AB36E7 /* marvel_api_keys.json */; };
/* End PBXBuildFile section */

/* Begin PBXContainerItemProxy section */
		65A4E53A28760F3C001C4B9A /* PBXContainerItemProxy */ = {
			isa = PBXContainerItemProxy;
			containerPortal = 65A4E51B28760F36001C4B9A /* Project object */;
			proxyType = 1;
			remoteGlobalIDString = 65A4E52228760F36001C4B9A;
			remoteInfo = MarvelComics;
		};
		65A4E54428760F3C001C4B9A /* PBXContainerItemProxy */ = {
			isa = PBXContainerItemProxy;
			containerPortal = 65A4E51B28760F36001C4B9A /* Project object */;
			proxyType = 1;
			remoteGlobalIDString = 65A4E52228760F36001C4B9A;
			remoteInfo = MarvelComics;
		};
/* End PBXContainerItemProxy section */

/* Begin PBXFileReference section */
		655D82B62877516900CBF1E2 /* HomeViewModel.swift */ = {isa = PBXFileReference; lastKnownFileType = sourcecode.swift; path = HomeViewModel.swift; sourceTree = "<group>"; };
		65A4E52328760F36001C4B9A /* MarvelComics.app */ = {isa = PBXFileReference; explicitFileType = wrapper.application; includeInIndex = 0; path = MarvelComics.app; sourceTree = BUILT_PRODUCTS_DIR; };
		65A4E52628760F36001C4B9A /* AppDelegate.swift */ = {isa = PBXFileReference; lastKnownFileType = sourcecode.swift; path = AppDelegate.swift; sourceTree = "<group>"; };
		65A4E52828760F36001C4B9A /* SceneDelegate.swift */ = {isa = PBXFileReference; lastKnownFileType = sourcecode.swift; path = SceneDelegate.swift; sourceTree = "<group>"; };
		65A4E52A28760F36001C4B9A /* HomeVC.swift */ = {isa = PBXFileReference; lastKnownFileType = sourcecode.swift; path = HomeVC.swift; sourceTree = "<group>"; };
		65A4E52D28760F36001C4B9A /* Base */ = {isa = PBXFileReference; lastKnownFileType = file.storyboard; name = Base; path = Base.lproj/Main.storyboard; sourceTree = "<group>"; };
		65A4E52F28760F3B001C4B9A /* Assets.xcassets */ = {isa = PBXFileReference; lastKnownFileType = folder.assetcatalog; path = Assets.xcassets; sourceTree = "<group>"; };
		65A4E53228760F3B001C4B9A /* Base */ = {isa = PBXFileReference; lastKnownFileType = file.storyboard; name = Base; path = Base.lproj/LaunchScreen.storyboard; sourceTree = "<group>"; };
		65A4E53428760F3B001C4B9A /* Info.plist */ = {isa = PBXFileReference; lastKnownFileType = text.plist.xml; path = Info.plist; sourceTree = "<group>"; };
		65A4E53928760F3C001C4B9A /* MarvelComicsTests.xctest */ = {isa = PBXFileReference; explicitFileType = wrapper.cfbundle; includeInIndex = 0; path = MarvelComicsTests.xctest; sourceTree = BUILT_PRODUCTS_DIR; };
		65A4E53D28760F3C001C4B9A /* MarvelComicsTests.swift */ = {isa = PBXFileReference; lastKnownFileType = sourcecode.swift; path = MarvelComicsTests.swift; sourceTree = "<group>"; };
		65A4E54328760F3C001C4B9A /* MarvelComicsUITests.xctest */ = {isa = PBXFileReference; explicitFileType = wrapper.cfbundle; includeInIndex = 0; path = MarvelComicsUITests.xctest; sourceTree = BUILT_PRODUCTS_DIR; };
		65A4E54728760F3C001C4B9A /* MarvelComicsUITests.swift */ = {isa = PBXFileReference; lastKnownFileType = sourcecode.swift; path = MarvelComicsUITests.swift; sourceTree = "<group>"; };
		65A4E54928760F3C001C4B9A /* MarvelComicsUITestsLaunchTests.swift */ = {isa = PBXFileReference; lastKnownFileType = sourcecode.swift; path = MarvelComicsUITestsLaunchTests.swift; sourceTree = "<group>"; };
		65A4E55C287610F6001C4B9A /* ApiStrings.swift */ = {isa = PBXFileReference; lastKnownFileType = sourcecode.swift; path = ApiStrings.swift; sourceTree = "<group>"; };
		65A4E55E28763658001C4B9A /* NetworkManager.swift */ = {isa = PBXFileReference; lastKnownFileType = sourcecode.swift; path = NetworkManager.swift; sourceTree = "<group>"; };
		65A4E56128763739001C4B9A /* Comic_Data.swift */ = {isa = PBXFileReference; lastKnownFileType = sourcecode.swift; path = Comic_Data.swift; sourceTree = "<group>"; };
		65B7E0D82879EF6D0078977D /* ComicDetailsVCViewController.swift */ = {isa = PBXFileReference; lastKnownFileType = sourcecode.swift; path = ComicDetailsVCViewController.swift; sourceTree = "<group>"; };
		65B7E0DE287B26310078977D /* ComicUIImageView.swift */ = {isa = PBXFileReference; lastKnownFileType = sourcecode.swift; path = ComicUIImageView.swift; sourceTree = "<group>"; };
		65FCF9D528778D1300AB36E7 /* Extension+UIView.swift */ = {isa = PBXFileReference; lastKnownFileType = sourcecode.swift; path = "Extension+UIView.swift"; sourceTree = "<group>"; };
		65FCF9D72878BDC800AB36E7 /* Extension+UIViewController.swift */ = {isa = PBXFileReference; lastKnownFileType = sourcecode.swift; path = "Extension+UIViewController.swift"; sourceTree = "<group>"; };
		65FCF9DA2878D1A900AB36E7 /* ApiKeyHelper.swift */ = {isa = PBXFileReference; lastKnownFileType = sourcecode.swift; path = ApiKeyHelper.swift; sourceTree = "<group>"; };
		65FCF9DF2878D7EA00AB36E7 /* marvel_api_keys.json */ = {isa = PBXFileReference; fileEncoding = 4; lastKnownFileType = text.json; path = marvel_api_keys.json; sourceTree = "<group>"; };
/* End PBXFileReference section */

/* Begin PBXFrameworksBuildPhase section */
		65A4E52028760F36001C4B9A /* Frameworks */ = {
			isa = PBXFrameworksBuildPhase;
			buildActionMask = 2147483647;
			files = (
			);
			runOnlyForDeploymentPostprocessing = 0;
		};
		65A4E53628760F3C001C4B9A /* Frameworks */ = {
			isa = PBXFrameworksBuildPhase;
			buildActionMask = 2147483647;
			files = (
			);
			runOnlyForDeploymentPostprocessing = 0;
		};
		65A4E54028760F3C001C4B9A /* Frameworks */ = {
			isa = PBXFrameworksBuildPhase;
			buildActionMask = 2147483647;
			files = (
			);
			runOnlyForDeploymentPostprocessing = 0;
		};
/* End PBXFrameworksBuildPhase section */

/* Begin PBXGroup section */
		655D82B52877515000CBF1E2 /* Home */ = {
			isa = PBXGroup;
			children = (
				65A4E52A28760F36001C4B9A /* HomeVC.swift */,
				655D82B62877516900CBF1E2 /* HomeViewModel.swift */,
			);
			path = Home;
			sourceTree = "<group>";
		};
		65A4E51A28760F36001C4B9A = {
			isa = PBXGroup;
			children = (
				65A4E52528760F36001C4B9A /* MarvelComics */,
				65A4E53C28760F3C001C4B9A /* MarvelComicsTests */,
				65A4E54628760F3C001C4B9A /* MarvelComicsUITests */,
				65A4E52428760F36001C4B9A /* Products */,
			);
			sourceTree = "<group>";
		};
		65A4E52428760F36001C4B9A /* Products */ = {
			isa = PBXGroup;
			children = (
				65A4E52328760F36001C4B9A /* MarvelComics.app */,
				65A4E53928760F3C001C4B9A /* MarvelComicsTests.xctest */,
				65A4E54328760F3C001C4B9A /* MarvelComicsUITests.xctest */,
			);
			name = Products;
			sourceTree = "<group>";
		};
		65A4E52528760F36001C4B9A /* MarvelComics */ = {
			isa = PBXGroup;
			children = (
				65B7E0DD287B260E0078977D /* Components */,
				65FCF9DC2878D79200AB36E7 /* API_KEYS */,
				655D82B52877515000CBF1E2 /* Home */,
				65B7E0D72879EF350078977D /* ComicDetails */,
				65FCF9D428778CEC00AB36E7 /* UIKit Extensions */,
				65A4E5602876370B001C4B9A /* Data_Models */,
				65A4E55628760FC3001C4B9A /* Networking */,
				65A4E52628760F36001C4B9A /* AppDelegate.swift */,
				65A4E52828760F36001C4B9A /* SceneDelegate.swift */,
				65A4E52C28760F36001C4B9A /* Main.storyboard */,
				65A4E52F28760F3B001C4B9A /* Assets.xcassets */,
				65A4E53128760F3B001C4B9A /* LaunchScreen.storyboard */,
				65A4E53428760F3B001C4B9A /* Info.plist */,
			);
			path = MarvelComics;
			sourceTree = "<group>";
		};
		65A4E53C28760F3C001C4B9A /* MarvelComicsTests */ = {
			isa = PBXGroup;
			children = (
				65A4E53D28760F3C001C4B9A /* MarvelComicsTests.swift */,
			);
			path = MarvelComicsTests;
			sourceTree = "<group>";
		};
		65A4E54628760F3C001C4B9A /* MarvelComicsUITests */ = {
			isa = PBXGroup;
			children = (
				65A4E54728760F3C001C4B9A /* MarvelComicsUITests.swift */,
				65A4E54928760F3C001C4B9A /* MarvelComicsUITestsLaunchTests.swift */,
			);
			path = MarvelComicsUITests;
			sourceTree = "<group>";
		};
		65A4E55628760FC3001C4B9A /* Networking */ = {
			isa = PBXGroup;
			children = (
				65A4E55E28763658001C4B9A /* NetworkManager.swift */,
				65A4E55C287610F6001C4B9A /* ApiStrings.swift */,
				65FCF9DA2878D1A900AB36E7 /* ApiKeyHelper.swift */,
			);
			path = Networking;
			sourceTree = "<group>";
		};
		65A4E5602876370B001C4B9A /* Data_Models */ = {
			isa = PBXGroup;
			children = (
				65A4E56128763739001C4B9A /* Comic_Data.swift */,
			);
			path = Data_Models;
			sourceTree = "<group>";
		};
		65B7E0D72879EF350078977D /* ComicDetails */ = {
			isa = PBXGroup;
			children = (
				65B7E0D82879EF6D0078977D /* ComicDetailsVCViewController.swift */,
			);
			path = ComicDetails;
			sourceTree = "<group>";
		};
		65B7E0DD287B260E0078977D /* Components */ = {
			isa = PBXGroup;
			children = (
				65B7E0DE287B26310078977D /* ComicUIImageView.swift */,
			);
			path = Components;
			sourceTree = "<group>";
		};
		65FCF9D428778CEC00AB36E7 /* UIKit Extensions */ = {
			isa = PBXGroup;
			children = (
				65FCF9D528778D1300AB36E7 /* Extension+UIView.swift */,
				65FCF9D72878BDC800AB36E7 /* Extension+UIViewController.swift */,
			);
			path = "UIKit Extensions";
			sourceTree = "<group>";
		};
		65FCF9DC2878D79200AB36E7 /* API_KEYS */ = {
			isa = PBXGroup;
			children = (
				65FCF9DF2878D7EA00AB36E7 /* marvel_api_keys.json */,
			);
			path = API_KEYS;
			sourceTree = "<group>";
		};
/* End PBXGroup section */

/* Begin PBXNativeTarget section */
		65A4E52228760F36001C4B9A /* MarvelComics */ = {
			isa = PBXNativeTarget;
			buildConfigurationList = 65A4E54D28760F3C001C4B9A /* Build configuration list for PBXNativeTarget "MarvelComics" */;
			buildPhases = (
				65A4E51F28760F36001C4B9A /* Sources */,
				65A4E52028760F36001C4B9A /* Frameworks */,
				65A4E52128760F36001C4B9A /* Resources */,
			);
			buildRules = (
			);
			dependencies = (
			);
			name = MarvelComics;
			productName = MarvelComics;
			productReference = 65A4E52328760F36001C4B9A /* MarvelComics.app */;
			productType = "com.apple.product-type.application";
		};
		65A4E53828760F3C001C4B9A /* MarvelComicsTests */ = {
			isa = PBXNativeTarget;
			buildConfigurationList = 65A4E55028760F3C001C4B9A /* Build configuration list for PBXNativeTarget "MarvelComicsTests" */;
			buildPhases = (
				65A4E53528760F3C001C4B9A /* Sources */,
				65A4E53628760F3C001C4B9A /* Frameworks */,
				65A4E53728760F3C001C4B9A /* Resources */,
			);
			buildRules = (
			);
			dependencies = (
				65A4E53B28760F3C001C4B9A /* PBXTargetDependency */,
			);
			name = MarvelComicsTests;
			productName = MarvelComicsTests;
			productReference = 65A4E53928760F3C001C4B9A /* MarvelComicsTests.xctest */;
			productType = "com.apple.product-type.bundle.unit-test";
		};
		65A4E54228760F3C001C4B9A /* MarvelComicsUITests */ = {
			isa = PBXNativeTarget;
			buildConfigurationList = 65A4E55328760F3C001C4B9A /* Build configuration list for PBXNativeTarget "MarvelComicsUITests" */;
			buildPhases = (
				65A4E53F28760F3C001C4B9A /* Sources */,
				65A4E54028760F3C001C4B9A /* Frameworks */,
				65A4E54128760F3C001C4B9A /* Resources */,
			);
			buildRules = (
			);
			dependencies = (
				65A4E54528760F3C001C4B9A /* PBXTargetDependency */,
			);
			name = MarvelComicsUITests;
			productName = MarvelComicsUITests;
			productReference = 65A4E54328760F3C001C4B9A /* MarvelComicsUITests.xctest */;
			productType = "com.apple.product-type.bundle.ui-testing";
		};
/* End PBXNativeTarget section */

/* Begin PBXProject section */
		65A4E51B28760F36001C4B9A /* Project object */ = {
			isa = PBXProject;
			attributes = {
				BuildIndependentTargetsInParallel = 1;
				LastSwiftUpdateCheck = 1330;
				LastUpgradeCheck = 1330;
				TargetAttributes = {
					65A4E52228760F36001C4B9A = {
						CreatedOnToolsVersion = 13.3.1;
					};
					65A4E53828760F3C001C4B9A = {
						CreatedOnToolsVersion = 13.3.1;
						TestTargetID = 65A4E52228760F36001C4B9A;
					};
					65A4E54228760F3C001C4B9A = {
						CreatedOnToolsVersion = 13.3.1;
						TestTargetID = 65A4E52228760F36001C4B9A;
					};
				};
			};
			buildConfigurationList = 65A4E51E28760F36001C4B9A /* Build configuration list for PBXProject "MarvelComics" */;
			compatibilityVersion = "Xcode 13.0";
			developmentRegion = en;
			hasScannedForEncodings = 0;
			knownRegions = (
				en,
				Base,
			);
			mainGroup = 65A4E51A28760F36001C4B9A;
			productRefGroup = 65A4E52428760F36001C4B9A /* Products */;
			projectDirPath = "";
			projectRoot = "";
			targets = (
				65A4E52228760F36001C4B9A /* MarvelComics */,
				65A4E53828760F3C001C4B9A /* MarvelComicsTests */,
				65A4E54228760F3C001C4B9A /* MarvelComicsUITests */,
			);
		};
/* End PBXProject section */

/* Begin PBXResourcesBuildPhase section */
		65A4E52128760F36001C4B9A /* Resources */ = {
			isa = PBXResourcesBuildPhase;
			buildActionMask = 2147483647;
			files = (
				65A4E53328760F3B001C4B9A /* LaunchScreen.storyboard in Resources */,
				65A4E53028760F3B001C4B9A /* Assets.xcassets in Resources */,
				65A4E52E28760F36001C4B9A /* Main.storyboard in Resources */,
				65FCF9E02878D7EA00AB36E7 /* marvel_api_keys.json in Resources */,
			);
			runOnlyForDeploymentPostprocessing = 0;
		};
		65A4E53728760F3C001C4B9A /* Resources */ = {
			isa = PBXResourcesBuildPhase;
			buildActionMask = 2147483647;
			files = (
			);
			runOnlyForDeploymentPostprocessing = 0;
		};
		65A4E54128760F3C001C4B9A /* Resources */ = {
			isa = PBXResourcesBuildPhase;
			buildActionMask = 2147483647;
			files = (
			);
			runOnlyForDeploymentPostprocessing = 0;
		};
/* End PBXResourcesBuildPhase section */

/* Begin PBXSourcesBuildPhase section */
		65A4E51F28760F36001C4B9A /* Sources */ = {
			isa = PBXSourcesBuildPhase;
			buildActionMask = 2147483647;
			files = (
				65A4E52B28760F36001C4B9A /* HomeVC.swift in Sources */,
				65B7E0D92879EF6D0078977D /* ComicDetailsVCViewController.swift in Sources */,
				65A4E52728760F36001C4B9A /* AppDelegate.swift in Sources */,
				65FCF9D628778D1300AB36E7 /* Extension+UIView.swift in Sources */,
				65FCF9DB2878D1A900AB36E7 /* ApiKeyHelper.swift in Sources */,
				655D82B72877516900CBF1E2 /* HomeViewModel.swift in Sources */,
				65A4E52928760F36001C4B9A /* SceneDelegate.swift in Sources */,
				65FCF9D82878BDC800AB36E7 /* Extension+UIViewController.swift in Sources */,
				65B7E0DF287B26310078977D /* ComicUIImageView.swift in Sources */,
				65A4E56228763739001C4B9A /* Comic_Data.swift in Sources */,
				65A4E55F28763658001C4B9A /* NetworkManager.swift in Sources */,
				65A4E55D287610F6001C4B9A /* ApiStrings.swift in Sources */,
			);
			runOnlyForDeploymentPostprocessing = 0;
		};
		65A4E53528760F3C001C4B9A /* Sources */ = {
			isa = PBXSourcesBuildPhase;
			buildActionMask = 2147483647;
			files = (
				65A4E53E28760F3C001C4B9A /* MarvelComicsTests.swift in Sources */,
			);
			runOnlyForDeploymentPostprocessing = 0;
		};
		65A4E53F28760F3C001C4B9A /* Sources */ = {
			isa = PBXSourcesBuildPhase;
			buildActionMask = 2147483647;
			files = (
				65A4E54828760F3C001C4B9A /* MarvelComicsUITests.swift in Sources */,
				65A4E54A28760F3C001C4B9A /* MarvelComicsUITestsLaunchTests.swift in Sources */,
			);
			runOnlyForDeploymentPostprocessing = 0;
		};
/* End PBXSourcesBuildPhase section */

/* Begin PBXTargetDependency section */
		65A4E53B28760F3C001C4B9A /* PBXTargetDependency */ = {
			isa = PBXTargetDependency;
			target = 65A4E52228760F36001C4B9A /* MarvelComics */;
			targetProxy = 65A4E53A28760F3C001C4B9A /* PBXContainerItemProxy */;
		};
		65A4E54528760F3C001C4B9A /* PBXTargetDependency */ = {
			isa = PBXTargetDependency;
			target = 65A4E52228760F36001C4B9A /* MarvelComics */;
			targetProxy = 65A4E54428760F3C001C4B9A /* PBXContainerItemProxy */;
		};
/* End PBXTargetDependency section */

/* Begin PBXVariantGroup section */
		65A4E52C28760F36001C4B9A /* Main.storyboard */ = {
			isa = PBXVariantGroup;
			children = (
				65A4E52D28760F36001C4B9A /* Base */,
			);
			name = Main.storyboard;
			sourceTree = "<group>";
		};
		65A4E53128760F3B001C4B9A /* LaunchScreen.storyboard */ = {
			isa = PBXVariantGroup;
			children = (
				65A4E53228760F3B001C4B9A /* Base */,
			);
			name = LaunchScreen.storyboard;
			sourceTree = "<group>";
		};
/* End PBXVariantGroup section */

/* Begin XCBuildConfiguration section */
		65A4E54B28760F3C001C4B9A /* Debug */ = {
			isa = XCBuildConfiguration;
			buildSettings = {
				ALWAYS_SEARCH_USER_PATHS = NO;
				CLANG_ANALYZER_NONNULL = YES;
				CLANG_ANALYZER_NUMBER_OBJECT_CONVERSION = YES_AGGRESSIVE;
				CLANG_CXX_LANGUAGE_STANDARD = "gnu++17";
				CLANG_ENABLE_MODULES = YES;
				CLANG_ENABLE_OBJC_ARC = YES;
				CLANG_ENABLE_OBJC_WEAK = YES;
				CLANG_WARN_BLOCK_CAPTURE_AUTORELEASING = YES;
				CLANG_WARN_BOOL_CONVERSION = YES;
				CLANG_WARN_COMMA = YES;
				CLANG_WARN_CONSTANT_CONVERSION = YES;
				CLANG_WARN_DEPRECATED_OBJC_IMPLEMENTATIONS = YES;
				CLANG_WARN_DIRECT_OBJC_ISA_USAGE = YES_ERROR;
				CLANG_WARN_DOCUMENTATION_COMMENTS = YES;
				CLANG_WARN_EMPTY_BODY = YES;
				CLANG_WARN_ENUM_CONVERSION = YES;
				CLANG_WARN_INFINITE_RECURSION = YES;
				CLANG_WARN_INT_CONVERSION = YES;
				CLANG_WARN_NON_LITERAL_NULL_CONVERSION = YES;
				CLANG_WARN_OBJC_IMPLICIT_RETAIN_SELF = YES;
				CLANG_WARN_OBJC_LITERAL_CONVERSION = YES;
				CLANG_WARN_OBJC_ROOT_CLASS = YES_ERROR;
				CLANG_WARN_QUOTED_INCLUDE_IN_FRAMEWORK_HEADER = YES;
				CLANG_WARN_RANGE_LOOP_ANALYSIS = YES;
				CLANG_WARN_STRICT_PROTOTYPES = YES;
				CLANG_WARN_SUSPICIOUS_MOVE = YES;
				CLANG_WARN_UNGUARDED_AVAILABILITY = YES_AGGRESSIVE;
				CLANG_WARN_UNREACHABLE_CODE = YES;
				CLANG_WARN__DUPLICATE_METHOD_MATCH = YES;
				COPY_PHASE_STRIP = NO;
				DEBUG_INFORMATION_FORMAT = dwarf;
				ENABLE_STRICT_OBJC_MSGSEND = YES;
				ENABLE_TESTABILITY = YES;
				GCC_C_LANGUAGE_STANDARD = gnu11;
				GCC_DYNAMIC_NO_PIC = NO;
				GCC_NO_COMMON_BLOCKS = YES;
				GCC_OPTIMIZATION_LEVEL = 0;
				GCC_PREPROCESSOR_DEFINITIONS = (
					"DEBUG=1",
					"$(inherited)",
				);
				GCC_WARN_64_TO_32_BIT_CONVERSION = YES;
				GCC_WARN_ABOUT_RETURN_TYPE = YES_ERROR;
				GCC_WARN_UNDECLARED_SELECTOR = YES;
				GCC_WARN_UNINITIALIZED_AUTOS = YES_AGGRESSIVE;
				GCC_WARN_UNUSED_FUNCTION = YES;
				GCC_WARN_UNUSED_VARIABLE = YES;
				IPHONEOS_DEPLOYMENT_TARGET = 15.4;
				MTL_ENABLE_DEBUG_INFO = INCLUDE_SOURCE;
				MTL_FAST_MATH = YES;
				ONLY_ACTIVE_ARCH = YES;
				SDKROOT = iphoneos;
				SWIFT_ACTIVE_COMPILATION_CONDITIONS = DEBUG;
				SWIFT_OPTIMIZATION_LEVEL = "-Onone";
			};
			name = Debug;
		};
		65A4E54C28760F3C001C4B9A /* Release */ = {
			isa = XCBuildConfiguration;
			buildSettings = {
				ALWAYS_SEARCH_USER_PATHS = NO;
				CLANG_ANALYZER_NONNULL = YES;
				CLANG_ANALYZER_NUMBER_OBJECT_CONVERSION = YES_AGGRESSIVE;
				CLANG_CXX_LANGUAGE_STANDARD = "gnu++17";
				CLANG_ENABLE_MODULES = YES;
				CLANG_ENABLE_OBJC_ARC = YES;
				CLANG_ENABLE_OBJC_WEAK = YES;
				CLANG_WARN_BLOCK_CAPTURE_AUTORELEASING = YES;
				CLANG_WARN_BOOL_CONVERSION = YES;
				CLANG_WARN_COMMA = YES;
				CLANG_WARN_CONSTANT_CONVERSION = YES;
				CLANG_WARN_DEPRECATED_OBJC_IMPLEMENTATIONS = YES;
				CLANG_WARN_DIRECT_OBJC_ISA_USAGE = YES_ERROR;
				CLANG_WARN_DOCUMENTATION_COMMENTS = YES;
				CLANG_WARN_EMPTY_BODY = YES;
				CLANG_WARN_ENUM_CONVERSION = YES;
				CLANG_WARN_INFINITE_RECURSION = YES;
				CLANG_WARN_INT_CONVERSION = YES;
				CLANG_WARN_NON_LITERAL_NULL_CONVERSION = YES;
				CLANG_WARN_OBJC_IMPLICIT_RETAIN_SELF = YES;
				CLANG_WARN_OBJC_LITERAL_CONVERSION = YES;
				CLANG_WARN_OBJC_ROOT_CLASS = YES_ERROR;
				CLANG_WARN_QUOTED_INCLUDE_IN_FRAMEWORK_HEADER = YES;
				CLANG_WARN_RANGE_LOOP_ANALYSIS = YES;
				CLANG_WARN_STRICT_PROTOTYPES = YES;
				CLANG_WARN_SUSPICIOUS_MOVE = YES;
				CLANG_WARN_UNGUARDED_AVAILABILITY = YES_AGGRESSIVE;
				CLANG_WARN_UNREACHABLE_CODE = YES;
				CLANG_WARN__DUPLICATE_METHOD_MATCH = YES;
				COPY_PHASE_STRIP = NO;
				DEBUG_INFORMATION_FORMAT = "dwarf-with-dsym";
				ENABLE_NS_ASSERTIONS = NO;
				ENABLE_STRICT_OBJC_MSGSEND = YES;
				GCC_C_LANGUAGE_STANDARD = gnu11;
				GCC_NO_COMMON_BLOCKS = YES;
				GCC_WARN_64_TO_32_BIT_CONVERSION = YES;
				GCC_WARN_ABOUT_RETURN_TYPE = YES_ERROR;
				GCC_WARN_UNDECLARED_SELECTOR = YES;
				GCC_WARN_UNINITIALIZED_AUTOS = YES_AGGRESSIVE;
				GCC_WARN_UNUSED_FUNCTION = YES;
				GCC_WARN_UNUSED_VARIABLE = YES;
				IPHONEOS_DEPLOYMENT_TARGET = 15.4;
				MTL_ENABLE_DEBUG_INFO = NO;
				MTL_FAST_MATH = YES;
				SDKROOT = iphoneos;
				SWIFT_COMPILATION_MODE = wholemodule;
				SWIFT_OPTIMIZATION_LEVEL = "-O";
				VALIDATE_PRODUCT = YES;
			};
			name = Release;
		};
		65A4E54E28760F3C001C4B9A /* Debug */ = {
			isa = XCBuildConfiguration;
			buildSettings = {
				ASSETCATALOG_COMPILER_APPICON_NAME = AppIcon;
				ASSETCATALOG_COMPILER_GLOBAL_ACCENT_COLOR_NAME = AccentColor;
				CODE_SIGN_STYLE = Automatic;
				CURRENT_PROJECT_VERSION = 1;
				DEVELOPMENT_TEAM = G57UZ5HAKM;
				GENERATE_INFOPLIST_FILE = YES;
				INFOPLIST_FILE = MarvelComics/Info.plist;
				INFOPLIST_KEY_CFBundleDisplayName = "Marvel Comics";
				INFOPLIST_KEY_UIApplicationSupportsIndirectInputEvents = YES;
				INFOPLIST_KEY_UILaunchStoryboardName = LaunchScreen;
				INFOPLIST_KEY_UIMainStoryboardFile = Main;
				INFOPLIST_KEY_UISupportedInterfaceOrientations_iPad = "UIInterfaceOrientationPortrait UIInterfaceOrientationPortraitUpsideDown UIInterfaceOrientationLandscapeLeft UIInterfaceOrientationLandscapeRight";
				INFOPLIST_KEY_UISupportedInterfaceOrientations_iPhone = "UIInterfaceOrientationPortrait UIInterfaceOrientationLandscapeLeft UIInterfaceOrientationLandscapeRight";
				LD_RUNPATH_SEARCH_PATHS = (
					"$(inherited)",
					"@executable_path/Frameworks",
				);
				MARKETING_VERSION = 1.0;
				PRODUCT_BUNDLE_IDENTIFIER = co.danielwood.MarvelComics;
				PRODUCT_NAME = "$(TARGET_NAME)";
				SWIFT_EMIT_LOC_STRINGS = YES;
				SWIFT_VERSION = 5.0;
				TARGETED_DEVICE_FAMILY = "1,2";
			};
			name = Debug;
		};
		65A4E54F28760F3C001C4B9A /* Release */ = {
			isa = XCBuildConfiguration;
			buildSettings = {
				ASSETCATALOG_COMPILER_APPICON_NAME = AppIcon;
				ASSETCATALOG_COMPILER_GLOBAL_ACCENT_COLOR_NAME = AccentColor;
				CODE_SIGN_STYLE = Automatic;
				CURRENT_PROJECT_VERSION = 1;
				DEVELOPMENT_TEAM = G57UZ5HAKM;
				GENERATE_INFOPLIST_FILE = YES;
				INFOPLIST_FILE = MarvelComics/Info.plist;
				INFOPLIST_KEY_CFBundleDisplayName = "Marvel Comics";
				INFOPLIST_KEY_UIApplicationSupportsIndirectInputEvents = YES;
				INFOPLIST_KEY_UILaunchStoryboardName = LaunchScreen;
				INFOPLIST_KEY_UIMainStoryboardFile = Main;
				INFOPLIST_KEY_UISupportedInterfaceOrientations_iPad = "UIInterfaceOrientationPortrait UIInterfaceOrientationPortraitUpsideDown UIInterfaceOrientationLandscapeLeft UIInterfaceOrientationLandscapeRight";
				INFOPLIST_KEY_UISupportedInterfaceOrientations_iPhone = "UIInterfaceOrientationPortrait UIInterfaceOrientationLandscapeLeft UIInterfaceOrientationLandscapeRight";
				LD_RUNPATH_SEARCH_PATHS = (
					"$(inherited)",
					"@executable_path/Frameworks",
				);
				MARKETING_VERSION = 1.0;
				PRODUCT_BUNDLE_IDENTIFIER = co.danielwood.MarvelComics;
				PRODUCT_NAME = "$(TARGET_NAME)";
				SWIFT_EMIT_LOC_STRINGS = YES;
				SWIFT_VERSION = 5.0;
				TARGETED_DEVICE_FAMILY = "1,2";
			};
			name = Release;
		};
		65A4E55128760F3C001C4B9A /* Debug */ = {
			isa = XCBuildConfiguration;
			buildSettings = {
				ALWAYS_EMBED_SWIFT_STANDARD_LIBRARIES = YES;
				BUNDLE_LOADER = "$(TEST_HOST)";
				CODE_SIGN_STYLE = Automatic;
				CURRENT_PROJECT_VERSION = 1;
				DEVELOPMENT_TEAM = G57UZ5HAKM;
				GENERATE_INFOPLIST_FILE = YES;
				IPHONEOS_DEPLOYMENT_TARGET = 15.4;
				MARKETING_VERSION = 1.0;
				PRODUCT_BUNDLE_IDENTIFIER = co.danielwood.MarvelComicsTests;
				PRODUCT_NAME = "$(TARGET_NAME)";
				SWIFT_EMIT_LOC_STRINGS = NO;
				SWIFT_VERSION = 5.0;
				TARGETED_DEVICE_FAMILY = "1,2";
				TEST_HOST = "$(BUILT_PRODUCTS_DIR)/MarvelComics.app/MarvelComics";
			};
			name = Debug;
		};
		65A4E55228760F3C001C4B9A /* Release */ = {
			isa = XCBuildConfiguration;
			buildSettings = {
				ALWAYS_EMBED_SWIFT_STANDARD_LIBRARIES = YES;
				BUNDLE_LOADER = "$(TEST_HOST)";
				CODE_SIGN_STYLE = Automatic;
				CURRENT_PROJECT_VERSION = 1;
				DEVELOPMENT_TEAM = G57UZ5HAKM;
				GENERATE_INFOPLIST_FILE = YES;
				IPHONEOS_DEPLOYMENT_TARGET = 15.4;
				MARKETING_VERSION = 1.0;
				PRODUCT_BUNDLE_IDENTIFIER = co.danielwood.MarvelComicsTests;
				PRODUCT_NAME = "$(TARGET_NAME)";
				SWIFT_EMIT_LOC_STRINGS = NO;
				SWIFT_VERSION = 5.0;
				TARGETED_DEVICE_FAMILY = "1,2";
				TEST_HOST = "$(BUILT_PRODUCTS_DIR)/MarvelComics.app/MarvelComics";
			};
			name = Release;
		};
		65A4E55428760F3C001C4B9A /* Debug */ = {
			isa = XCBuildConfiguration;
			buildSettings = {
				ALWAYS_EMBED_SWIFT_STANDARD_LIBRARIES = YES;
				CODE_SIGN_STYLE = Automatic;
				CURRENT_PROJECT_VERSION = 1;
				DEVELOPMENT_TEAM = G57UZ5HAKM;
				GENERATE_INFOPLIST_FILE = YES;
				MARKETING_VERSION = 1.0;
				PRODUCT_BUNDLE_IDENTIFIER = co.danielwood.MarvelComicsUITests;
				PRODUCT_NAME = "$(TARGET_NAME)";
				SWIFT_EMIT_LOC_STRINGS = NO;
				SWIFT_VERSION = 5.0;
				TARGETED_DEVICE_FAMILY = "1,2";
				TEST_TARGET_NAME = MarvelComics;
			};
			name = Debug;
		};
		65A4E55528760F3C001C4B9A /* Release */ = {
			isa = XCBuildConfiguration;
			buildSettings = {
				ALWAYS_EMBED_SWIFT_STANDARD_LIBRARIES = YES;
				CODE_SIGN_STYLE = Automatic;
				CURRENT_PROJECT_VERSION = 1;
				DEVELOPMENT_TEAM = G57UZ5HAKM;
				GENERATE_INFOPLIST_FILE = YES;
				MARKETING_VERSION = 1.0;
				PRODUCT_BUNDLE_IDENTIFIER = co.danielwood.MarvelComicsUITests;
				PRODUCT_NAME = "$(TARGET_NAME)";
				SWIFT_EMIT_LOC_STRINGS = NO;
				SWIFT_VERSION = 5.0;
				TARGETED_DEVICE_FAMILY = "1,2";
				TEST_TARGET_NAME = MarvelComics;
			};
			name = Release;
		};
/* End XCBuildConfiguration section */

/* Begin XCConfigurationList section */
		65A4E51E28760F36001C4B9A /* Build configuration list for PBXProject "MarvelComics" */ = {
			isa = XCConfigurationList;
			buildConfigurations = (
				65A4E54B28760F3C001C4B9A /* Debug */,
				65A4E54C28760F3C001C4B9A /* Release */,
			);
			defaultConfigurationIsVisible = 0;
			defaultConfigurationName = Release;
		};
		65A4E54D28760F3C001C4B9A /* Build configuration list for PBXNativeTarget "MarvelComics" */ = {
			isa = XCConfigurationList;
			buildConfigurations = (
				65A4E54E28760F3C001C4B9A /* Debug */,
				65A4E54F28760F3C001C4B9A /* Release */,
			);
			defaultConfigurationIsVisible = 0;
			defaultConfigurationName = Release;
		};
		65A4E55028760F3C001C4B9A /* Build configuration list for PBXNativeTarget "MarvelComicsTests" */ = {
			isa = XCConfigurationList;
			buildConfigurations = (
				65A4E55128760F3C001C4B9A /* Debug */,
				65A4E55228760F3C001C4B9A /* Release */,
			);
			defaultConfigurationIsVisible = 0;
			defaultConfigurationName = Release;
		};
		65A4E55328760F3C001C4B9A /* Build configuration list for PBXNativeTarget "MarvelComicsUITests" */ = {
			isa = XCConfigurationList;
			buildConfigurations = (
				65A4E55428760F3C001C4B9A /* Debug */,
				65A4E55528760F3C001C4B9A /* Release */,
			);
			defaultConfigurationIsVisible = 0;
			defaultConfigurationName = Release;
		};
/* End XCConfigurationList section */
	};
	rootObject = 65A4E51B28760F36001C4B9A /* Project object */;
}
